
Microsoft Visual Studio Solution File, Format Version 12.00
# Visual Studio 15
VisualStudioVersion = 15.0.28307.329
MinimumVisualStudioVersion = 10.0.40219.1
Project("{FAE04EC0-301F-11D3-BF4B-00C04F79EFBC}") = "RoomReservation", "RoomReservation\RoomReservation.csproj", "{E7BCE4FC-A6EC-4889-BC6A-7CFB898B1B04}"
EndProject
Global
	GlobalSection(SolutionConfigurationPlatforms) = preSolution
		Debug|Any CPU = Debug|Any CPU
		Release|Any CPU = Release|Any CPU
	EndGlobalSection
	GlobalSection(ProjectConfigurationPlatforms) = postSolution
		{E7BCE4FC-A6EC-4889-BC6A-7CFB898B1B04}.Debug|Any CPU.ActiveCfg = Debug|Any CPU
		{E7BCE4FC-A6EC-4889-BC6A-7CFB898B1B04}.Debug|Any CPU.Build.0 = Debug|Any CPU
		{E7BCE4FC-A6EC-4889-BC6A-7CFB898B1B04}.Release|Any CPU.ActiveCfg = Release|Any CPU
		{E7BCE4FC-A6EC-4889-BC6A-7CFB898B1B04}.Release|Any CPU.Build.0 = Release|Any CPU
	EndGlobalSection
	GlobalSection(SolutionProperties) = preSolution
		HideSolutionNode = FALSE
	EndGlobalSection
	GlobalSection(ExtensibilityGlobals) = postSolution
		SolutionGuid = {27B67962-7954-4241-A08E-0DD2E43D892E}
	EndGlobalSection
EndGlobal
